<Solution>
  <Project Path="ResilienceTestApi/ResilienceTestApi.csproj" />
  <Project Path="ResilientApi/ResilientApi.csproj" />
  <Project Path="SystemIntergration13.AppHost/SystemIntergration13.AppHost.csproj" />
  <Project Path="SystemIntergration13.ServiceDefaults/SystemIntergration13.ServiceDefaults.csproj" />
</Solution>
