<Solution>
  <Folder Name="/Solution Items/">
    <File Path="Readme.md" />
  </Folder>
  <Project Path="ResilienceTestApi/ResilienceTestApi.csproj" />
  <Project Path="SystemIntergration13.AppHost/SystemIntegration13.AppHost.csproj" />
  <Project Path="SystemIntergration13.ServiceDefaults/SystemIntegration13.ServiceDefaults.csproj" />
</Solution>
